
Microsoft Visual Studio Solution File, Format Version 11.00
# Visual Studio 2010
Project("{FAE04EC0-301F-11D3-BF4B-00C04F79EFBC}") = "jubilacion", "jubilacion\jubilacion.csproj", "{7D2492EC-191D-467F-9185-4F2E1FB81931}"
EndProject
Global
	GlobalSection(SolutionConfigurationPlatforms) = preSolution
		Debug|x86 = Debug|x86
		Release|x86 = Release|x86
	EndGlobalSection
	GlobalSection(ProjectConfigurationPlatforms) = postSolution
		{7D2492EC-191D-467F-9185-4F2E1FB81931}.Debug|x86.ActiveCfg = Debug|x86
		{7D2492EC-191D-467F-9185-4F2E1FB81931}.Debug|x86.Build.0 = Debug|x86
		{7D2492EC-191D-467F-9185-4F2E1FB81931}.Release|x86.ActiveCfg = Release|x86
		{7D2492EC-191D-467F-9185-4F2E1FB81931}.Release|x86.Build.0 = Release|x86
	EndGlobalSection
	GlobalSection(SolutionProperties) = preSolution
		HideSolutionNode = FALSE
	EndGlobalSection
EndGlobal
